
Microsoft Visual Studio Solution File, Format Version 12.00
# Visual Studio Version 17
VisualStudioVersion = 17.7.34202.233
MinimumVisualStudioVersion = 10.0.40219.1
Project("{FAE04EC0-301F-11D3-BF4B-00C04F79EFBC}") = "Week6StringsAndArrays", "Week6StringsAndArrays\Week6StringsAndArrays.csproj", "{A5B8E11C-3B1A-4B18-8D1D-17EDE061AA19}"
EndProject
Project("{FAE04EC0-301F-11D3-BF4B-00C04F79EFBC}") = "Arrays", "Arrays\Arrays.csproj", "{CAC19820-A5E0-4371-BDBD-E72A1599B02A}"
EndProject
Global
	GlobalSection(SolutionConfigurationPlatforms) = preSolution
		Debug|Any CPU = Debug|Any CPU
		Release|Any CPU = Release|Any CPU
	EndGlobalSection
	GlobalSection(ProjectConfigurationPlatforms) = postSolution
		{A5B8E11C-3B1A-4B18-8D1D-17EDE061AA19}.Debug|Any CPU.ActiveCfg = Debug|Any CPU
		{A5B8E11C-3B1A-4B18-8D1D-17EDE061AA19}.Debug|Any CPU.Build.0 = Debug|Any CPU
		{A5B8E11C-3B1A-4B18-8D1D-17EDE061AA19}.Release|Any CPU.ActiveCfg = Release|Any CPU
		{A5B8E11C-3B1A-4B18-8D1D-17EDE061AA19}.Release|Any CPU.Build.0 = Release|Any CPU
		{CAC19820-A5E0-4371-BDBD-E72A1599B02A}.Debug|Any CPU.ActiveCfg = Debug|Any CPU
		{CAC19820-A5E0-4371-BDBD-E72A1599B02A}.Debug|Any CPU.Build.0 = Debug|Any CPU
		{CAC19820-A5E0-4371-BDBD-E72A1599B02A}.Release|Any CPU.ActiveCfg = Release|Any CPU
		{CAC19820-A5E0-4371-BDBD-E72A1599B02A}.Release|Any CPU.Build.0 = Release|Any CPU
	EndGlobalSection
	GlobalSection(SolutionProperties) = preSolution
		HideSolutionNode = FALSE
	EndGlobalSection
	GlobalSection(ExtensibilityGlobals) = postSolution
		SolutionGuid = {14BD7C41-6065-4906-BE12-4D13E5D47546}
	EndGlobalSection
EndGlobal
